// !$*UTF8*$!
{
	archiveVersion = 1;
	classes = {
	};
	objectVersion = 46;
	objects = {

/* Begin PBXBuildFile section */
		7D36F94618DE114A00A031B2 /* Cocoa.framework in Frameworks */ = {isa = PBXBuildFile; fileRef = 7D36F94518DE114A00A031B2 /* Cocoa.framework */; };
		7D36F95018DE114A00A031B2 /* InfoPlist.strings in Resources */ = {isa = PBXBuildFile; fileRef = 7D36F94E18DE114A00A031B2 /* InfoPlist.strings */; };
		7D36F95218DE114A00A031B2 /* main.m in Sources */ = {isa = PBXBuildFile; fileRef = 7D36F95118DE114A00A031B2 /* main.m */; };
		7D36F95618DE114A00A031B2 /* Credits.rtf in Resources */ = {isa = PBXBuildFile; fileRef = 7D36F95418DE114A00A031B2 /* Credits.rtf */; };
		7D36F95918DE114A00A031B2 /* AppDelegate.m in Sources */ = {isa = PBXBuildFile; fileRef = 7D36F95818DE114A00A031B2 /* AppDelegate.m */; };
		7D36F95C18DE114A00A031B2 /* MainMenu.xib in Resources */ = {isa = PBXBuildFile; fileRef = 7D36F95A18DE114A00A031B2 /* MainMenu.xib */; };
		7D36F95E18DE114A00A031B2 /* Images.xcassets in Resources */ = {isa = PBXBuildFile; fileRef = 7D36F95D18DE114A00A031B2 /* Images.xcassets */; };
		7D36F96518DE114A00A031B2 /* XCTest.framework in Frameworks */ = {isa = PBXBuildFile; fileRef = 7D36F96418DE114A00A031B2 /* XCTest.framework */; };
		7D36F96618DE114A00A031B2 /* Cocoa.framework in Frameworks */ = {isa = PBXBuildFile; fileRef = 7D36F94518DE114A00A031B2 /* Cocoa.framework */; };
		7D36F96E18DE114A00A031B2 /* InfoPlist.strings in Resources */ = {isa = PBXBuildFile; fileRef = 7D36F96C18DE114A00A031B2 /* InfoPlist.strings */; };
		7D36F97018DE114A00A031B2 /* KEY2MIDITests.m in Sources */ = {isa = PBXBuildFile; fileRef = 7D36F96F18DE114A00A031B2 /* KEY2MIDITests.m */; };
		7D36F97B18DE1DB900A031B2 /* MainView.m in Sources */ = {isa = PBXBuildFile; fileRef = 7D36F97A18DE1DB900A031B2 /* MainView.m */; };
/* End PBXBuildFile section */

/* Begin PBXContainerItemProxy section */
		7D36F96718DE114A00A031B2 /* PBXContainerItemProxy */ = {
			isa = PBXContainerItemProxy;
			containerPortal = 7D36F93A18DE114A00A031B2 /* Project object */;
			proxyType = 1;
			remoteGlobalIDString = 7D36F94118DE114A00A031B2;
			remoteInfo = KEY2MIDI;
		};
/* End PBXContainerItemProxy section */

/* Begin PBXFileReference section */
		7D36F94218DE114A00A031B2 /* KEY2MIDI.app */ = {isa = PBXFileReference; explicitFileType = wrapper.application; includeInIndex = 0; path = KEY2MIDI.app; sourceTree = BUILT_PRODUCTS_DIR; };
		7D36F94518DE114A00A031B2 /* Cocoa.framework */ = {isa = PBXFileReference; lastKnownFileType = wrapper.framework; name = Cocoa.framework; path = System/Library/Frameworks/Cocoa.framework; sourceTree = SDKROOT; };
		7D36F94818DE114A00A031B2 /* AppKit.framework */ = {isa = PBXFileReference; lastKnownFileType = wrapper.framework; name = AppKit.framework; path = System/Library/Frameworks/AppKit.framework; sourceTree = SDKROOT; };
		7D36F94918DE114A00A031B2 /* CoreData.framework */ = {isa = PBXFileReference; lastKnownFileType = wrapper.framework; name = CoreData.framework; path = System/Library/Frameworks/CoreData.framework; sourceTree = SDKROOT; };
		7D36F94A18DE114A00A031B2 /* Foundation.framework */ = {isa = PBXFileReference; lastKnownFileType = wrapper.framework; name = Foundation.framework; path = System/Library/Frameworks/Foundation.framework; sourceTree = SDKROOT; };
		7D36F94D18DE114A00A031B2 /* KEY2MIDI-Info.plist */ = {isa = PBXFileReference; lastKnownFileType = text.plist.xml; path = "KEY2MIDI-Info.plist"; sourceTree = "<group>"; };
		7D36F94F18DE114A00A031B2 /* en */ = {isa = PBXFileReference; lastKnownFileType = text.plist.strings; name = en; path = en.lproj/InfoPlist.strings; sourceTree = "<group>"; };
		7D36F95118DE114A00A031B2 /* main.m */ = {isa = PBXFileReference; lastKnownFileType = sourcecode.c.objc; path = main.m; sourceTree = "<group>"; };
		7D36F95318DE114A00A031B2 /* KEY2MIDI-Prefix.pch */ = {isa = PBXFileReference; lastKnownFileType = sourcecode.c.h; path = "KEY2MIDI-Prefix.pch"; sourceTree = "<group>"; };
		7D36F95518DE114A00A031B2 /* en */ = {isa = PBXFileReference; lastKnownFileType = text.rtf; name = en; path = en.lproj/Credits.rtf; sourceTree = "<group>"; };
		7D36F95718DE114A00A031B2 /* AppDelegate.h */ = {isa = PBXFileReference; lastKnownFileType = sourcecode.c.h; path = AppDelegate.h; sourceTree = "<group>"; };
		7D36F95818DE114A00A031B2 /* AppDelegate.m */ = {isa = PBXFileReference; lastKnownFileType = sourcecode.c.objc; path = AppDelegate.m; sourceTree = "<group>"; };
		7D36F95B18DE114A00A031B2 /* Base */ = {isa = PBXFileReference; lastKnownFileType = file.xib; name = Base; path = Base.lproj/MainMenu.xib; sourceTree = "<group>"; };
		7D36F95D18DE114A00A031B2 /* Images.xcassets */ = {isa = PBXFileReference; lastKnownFileType = folder.assetcatalog; path = Images.xcassets; sourceTree = "<group>"; };
		7D36F96318DE114A00A031B2 /* KEY2MIDITests.xctest */ = {isa = PBXFileReference; explicitFileType = wrapper.cfbundle; includeInIndex = 0; path = KEY2MIDITests.xctest; sourceTree = BUILT_PRODUCTS_DIR; };
		7D36F96418DE114A00A031B2 /* XCTest.framework */ = {isa = PBXFileReference; lastKnownFileType = wrapper.framework; name = XCTest.framework; path = Library/Frameworks/XCTest.framework; sourceTree = DEVELOPER_DIR; };
		7D36F96B18DE114A00A031B2 /* KEY2MIDITests-Info.plist */ = {isa = PBXFileReference; lastKnownFileType = text.plist.xml; path = "KEY2MIDITests-Info.plist"; sourceTree = "<group>"; };
		7D36F96D18DE114A00A031B2 /* en */ = {isa = PBXFileReference; lastKnownFileType = text.plist.strings; name = en; path = en.lproj/InfoPlist.strings; sourceTree = "<group>"; };
		7D36F96F18DE114A00A031B2 /* KEY2MIDITests.m */ = {isa = PBXFileReference; lastKnownFileType = sourcecode.c.objc; path = KEY2MIDITests.m; sourceTree = "<group>"; };
		7D36F97918DE1DB900A031B2 /* MainView.h */ = {isa = PBXFileReference; fileEncoding = 4; lastKnownFileType = sourcecode.c.h; path = MainView.h; sourceTree = "<group>"; };
		7D36F97A18DE1DB900A031B2 /* MainView.m */ = {isa = PBXFileReference; fileEncoding = 4; lastKnownFileType = sourcecode.c.objc; path = MainView.m; sourceTree = "<group>"; };
/* End PBXFileReference section */

/* Begin PBXFrameworksBuildPhase section */
		7D36F93F18DE114A00A031B2 /* Frameworks */ = {
			isa = PBXFrameworksBuildPhase;
			buildActionMask = 2147483647;
			files = (
				7D36F94618DE114A00A031B2 /* Cocoa.framework in Frameworks */,
			);
			runOnlyForDeploymentPostprocessing = 0;
		};
		7D36F96018DE114A00A031B2 /* Frameworks */ = {
			isa = PBXFrameworksBuildPhase;
			buildActionMask = 2147483647;
			files = (
				7D36F96618DE114A00A031B2 /* Cocoa.framework in Frameworks */,
				7D36F96518DE114A00A031B2 /* XCTest.framework in Frameworks */,
			);
			runOnlyForDeploymentPostprocessing = 0;
		};
/* End PBXFrameworksBuildPhase section */

/* Begin PBXGroup section */
		7D36F93918DE114A00A031B2 = {
			isa = PBXGroup;
			children = (
				7D36F94B18DE114A00A031B2 /* KEY2MIDI */,
				7D36F96918DE114A00A031B2 /* KEY2MIDITests */,
				7D36F94418DE114A00A031B2 /* Frameworks */,
				7D36F94318DE114A00A031B2 /* Products */,
			);
			sourceTree = "<group>";
		};
		7D36F94318DE114A00A031B2 /* Products */ = {
			isa = PBXGroup;
			children = (
				7D36F94218DE114A00A031B2 /* KEY2MIDI.app */,
				7D36F96318DE114A00A031B2 /* KEY2MIDITests.xctest */,
			);
			name = Products;
			sourceTree = "<group>";
		};
		7D36F94418DE114A00A031B2 /* Frameworks */ = {
			isa = PBXGroup;
			children = (
				7D36F94518DE114A00A031B2 /* Cocoa.framework */,
				7D36F96418DE114A00A031B2 /* XCTest.framework */,
				7D36F94718DE114A00A031B2 /* Other Frameworks */,
			);
			name = Frameworks;
			sourceTree = "<group>";
		};
		7D36F94718DE114A00A031B2 /* Other Frameworks */ = {
			isa = PBXGroup;
			children = (
				7D36F94818DE114A00A031B2 /* AppKit.framework */,
				7D36F94918DE114A00A031B2 /* CoreData.framework */,
				7D36F94A18DE114A00A031B2 /* Foundation.framework */,
			);
			name = "Other Frameworks";
			sourceTree = "<group>";
		};
		7D36F94B18DE114A00A031B2 /* KEY2MIDI */ = {
			isa = PBXGroup;
			children = (
				7D36F95718DE114A00A031B2 /* AppDelegate.h */,
				7D36F95818DE114A00A031B2 /* AppDelegate.m */,
				7D36F95A18DE114A00A031B2 /* MainMenu.xib */,
				7D36F97918DE1DB900A031B2 /* MainView.h */,
				7D36F97A18DE1DB900A031B2 /* MainView.m */,
				7D36F95D18DE114A00A031B2 /* Images.xcassets */,
				7D36F94C18DE114A00A031B2 /* Supporting Files */,
			);
			path = KEY2MIDI;
			sourceTree = "<group>";
		};
		7D36F94C18DE114A00A031B2 /* Supporting Files */ = {
			isa = PBXGroup;
			children = (
				7D36F94D18DE114A00A031B2 /* KEY2MIDI-Info.plist */,
				7D36F94E18DE114A00A031B2 /* InfoPlist.strings */,
				7D36F95118DE114A00A031B2 /* main.m */,
				7D36F95318DE114A00A031B2 /* KEY2MIDI-Prefix.pch */,
				7D36F95418DE114A00A031B2 /* Credits.rtf */,
			);
			name = "Supporting Files";
			sourceTree = "<group>";
		};
		7D36F96918DE114A00A031B2 /* KEY2MIDITests */ = {
			isa = PBXGroup;
			children = (
				7D36F96F18DE114A00A031B2 /* KEY2MIDITests.m */,
				7D36F96A18DE114A00A031B2 /* Supporting Files */,
			);
			path = KEY2MIDITests;
			sourceTree = "<group>";
		};
		7D36F96A18DE114A00A031B2 /* Supporting Files */ = {
			isa = PBXGroup;
			children = (
				7D36F96B18DE114A00A031B2 /* KEY2MIDITests-Info.plist */,
				7D36F96C18DE114A00A031B2 /* InfoPlist.strings */,
			);
			name = "Supporting Files";
			sourceTree = "<group>";
		};
/* End PBXGroup section */

/* Begin PBXNativeTarget section */
		7D36F94118DE114A00A031B2 /* KEY2MIDI */ = {
			isa = PBXNativeTarget;
			buildConfigurationList = 7D36F97318DE114A00A031B2 /* Build configuration list for PBXNativeTarget "KEY2MIDI" */;
			buildPhases = (
				7D36F93E18DE114A00A031B2 /* Sources */,
				7D36F93F18DE114A00A031B2 /* Frameworks */,
				7D36F94018DE114A00A031B2 /* Resources */,
			);
			buildRules = (
			);
			dependencies = (
			);
			name = KEY2MIDI;
			productName = KEY2MIDI;
			productReference = 7D36F94218DE114A00A031B2 /* KEY2MIDI.app */;
			productType = "com.apple.product-type.application";
		};
		7D36F96218DE114A00A031B2 /* KEY2MIDITests */ = {
			isa = PBXNativeTarget;
			buildConfigurationList = 7D36F97618DE114A00A031B2 /* Build configuration list for PBXNativeTarget "KEY2MIDITests" */;
			buildPhases = (
				7D36F95F18DE114A00A031B2 /* Sources */,
				7D36F96018DE114A00A031B2 /* Frameworks */,
				7D36F96118DE114A00A031B2 /* Resources */,
			);
			buildRules = (
			);
			dependencies = (
				7D36F96818DE114A00A031B2 /* PBXTargetDependency */,
			);
			name = KEY2MIDITests;
			productName = KEY2MIDITests;
			productReference = 7D36F96318DE114A00A031B2 /* KEY2MIDITests.xctest */;
			productType = "com.apple.product-type.bundle.unit-test";
		};
/* End PBXNativeTarget section */

/* Begin PBXProject section */
		7D36F93A18DE114A00A031B2 /* Project object */ = {
			isa = PBXProject;
			attributes = {
				LastUpgradeCheck = 0510;
				ORGANIZATIONNAME = "Jamie Bullock";
				TargetAttributes = {
					7D36F96218DE114A00A031B2 = {
						TestTargetID = 7D36F94118DE114A00A031B2;
					};
				};
			};
			buildConfigurationList = 7D36F93D18DE114A00A031B2 /* Build configuration list for PBXProject "KEY2MIDI" */;
			compatibilityVersion = "Xcode 3.2";
			developmentRegion = English;
			hasScannedForEncodings = 0;
			knownRegions = (
				en,
				Base,
			);
			mainGroup = 7D36F93918DE114A00A031B2;
			productRefGroup = 7D36F94318DE114A00A031B2 /* Products */;
			projectDirPath = "";
			projectRoot = "";
			targets = (
				7D36F94118DE114A00A031B2 /* KEY2MIDI */,
				7D36F96218DE114A00A031B2 /* KEY2MIDITests */,
			);
		};
/* End PBXProject section */

/* Begin PBXResourcesBuildPhase section */
		7D36F94018DE114A00A031B2 /* Resources */ = {
			isa = PBXResourcesBuildPhase;
			buildActionMask = 2147483647;
			files = (
				7D36F95018DE114A00A031B2 /* InfoPlist.strings in Resources */,
				7D36F95E18DE114A00A031B2 /* Images.xcassets in Resources */,
				7D36F95618DE114A00A031B2 /* Credits.rtf in Resources */,
				7D36F95C18DE114A00A031B2 /* MainMenu.xib in Resources */,
			);
			runOnlyForDeploymentPostprocessing = 0;
		};
		7D36F96118DE114A00A031B2 /* Resources */ = {
			isa = PBXResourcesBuildPhase;
			buildActionMask = 2147483647;
			files = (
				7D36F96E18DE114A00A031B2 /* InfoPlist.strings in Resources */,
			);
			runOnlyForDeploymentPostprocessing = 0;
		};
/* End PBXResourcesBuildPhase section */

/* Begin PBXSourcesBuildPhase section */
		7D36F93E18DE114A00A031B2 /* Sources */ = {
			isa = PBXSourcesBuildPhase;
			buildActionMask = 2147483647;
			files = (
				7D36F95918DE114A00A031B2 /* AppDelegate.m in Sources */,
				7D36F97B18DE1DB900A031B2 /* MainView.m in Sources */,
				7D36F95218DE114A00A031B2 /* main.m in Sources */,
			);
			runOnlyForDeploymentPostprocessing = 0;
		};
		7D36F95F18DE114A00A031B2 /* Sources */ = {
			isa = PBXSourcesBuildPhase;
			buildActionMask = 2147483647;
			files = (
				7D36F97018DE114A00A031B2 /* KEY2MIDITests.m in Sources */,
			);
			runOnlyForDeploymentPostprocessing = 0;
		};
/* End PBXSourcesBuildPhase section */

/* Begin PBXTargetDependency section */
		7D36F96818DE114A00A031B2 /* PBXTargetDependency */ = {
			isa = PBXTargetDependency;
			target = 7D36F94118DE114A00A031B2 /* KEY2MIDI */;
			targetProxy = 7D36F96718DE114A00A031B2 /* PBXContainerItemProxy */;
		};
/* End PBXTargetDependency section */

/* Begin PBXVariantGroup section */
		7D36F94E18DE114A00A031B2 /* InfoPlist.strings */ = {
			isa = PBXVariantGroup;
			children = (
				7D36F94F18DE114A00A031B2 /* en */,
			);
			name = InfoPlist.strings;
			sourceTree = "<group>";
		};
		7D36F95418DE114A00A031B2 /* Credits.rtf */ = {
			isa = PBXVariantGroup;
			children = (
				7D36F95518DE114A00A031B2 /* en */,
			);
			name = Credits.rtf;
			sourceTree = "<group>";
		};
		7D36F95A18DE114A00A031B2 /* MainMenu.xib */ = {
			isa = PBXVariantGroup;
			children = (
				7D36F95B18DE114A00A031B2 /* Base */,
			);
			name = MainMenu.xib;
			sourceTree = "<group>";
		};
		7D36F96C18DE114A00A031B2 /* InfoPlist.strings */ = {
			isa = PBXVariantGroup;
			children = (
				7D36F96D18DE114A00A031B2 /* en */,
			);
			name = InfoPlist.strings;
			sourceTree = "<group>";
		};
/* End PBXVariantGroup section */

/* Begin XCBuildConfiguration section */
		7D36F97118DE114A00A031B2 /* Debug */ = {
			isa = XCBuildConfiguration;
			buildSettings = {
				ALWAYS_SEARCH_USER_PATHS = NO;
				CLANG_CXX_LANGUAGE_STANDARD = "gnu++0x";
				CLANG_CXX_LIBRARY = "libc++";
				CLANG_ENABLE_MODULES = YES;
				CLANG_ENABLE_OBJC_ARC = YES;
				CLANG_WARN_BOOL_CONVERSION = YES;
				CLANG_WARN_CONSTANT_CONVERSION = YES;
				CLANG_WARN_DIRECT_OBJC_ISA_USAGE = YES_ERROR;
				CLANG_WARN_EMPTY_BODY = YES;
				CLANG_WARN_ENUM_CONVERSION = YES;
				CLANG_WARN_INT_CONVERSION = YES;
				CLANG_WARN_OBJC_ROOT_CLASS = YES_ERROR;
				CLANG_WARN__DUPLICATE_METHOD_MATCH = YES;
				COPY_PHASE_STRIP = NO;
				GCC_C_LANGUAGE_STANDARD = gnu99;
				GCC_DYNAMIC_NO_PIC = NO;
				GCC_ENABLE_OBJC_EXCEPTIONS = YES;
				GCC_OPTIMIZATION_LEVEL = 0;
				GCC_PREPROCESSOR_DEFINITIONS = (
					"DEBUG=1",
					"$(inherited)",
				);
				GCC_SYMBOLS_PRIVATE_EXTERN = NO;
				GCC_WARN_64_TO_32_BIT_CONVERSION = YES;
				GCC_WARN_ABOUT_RETURN_TYPE = YES_ERROR;
				GCC_WARN_UNDECLARED_SELECTOR = YES;
				GCC_WARN_UNINITIALIZED_AUTOS = YES_AGGRESSIVE;
				GCC_WARN_UNUSED_FUNCTION = YES;
				GCC_WARN_UNUSED_VARIABLE = YES;
				MACOSX_DEPLOYMENT_TARGET = 10.9;
				ONLY_ACTIVE_ARCH = YES;
				SDKROOT = macosx;
			};
			name = Debug;
		};
		7D36F97218DE114A00A031B2 /* Release */ = {
			isa = XCBuildConfiguration;
			buildSettings = {
				ALWAYS_SEARCH_USER_PATHS = NO;
				CLANG_CXX_LANGUAGE_STANDARD = "gnu++0x";
				CLANG_CXX_LIBRARY = "libc++";
				CLANG_ENABLE_MODULES = YES;
				CLANG_ENABLE_OBJC_ARC = YES;
				CLANG_WARN_BOOL_CONVERSION = YES;
				CLANG_WARN_CONSTANT_CONVERSION = YES;
				CLANG_WARN_DIRECT_OBJC_ISA_USAGE = YES_ERROR;
				CLANG_WARN_EMPTY_BODY = YES;
				CLANG_WARN_ENUM_CONVERSION = YES;
				CLANG_WARN_INT_CONVERSION = YES;
				CLANG_WARN_OBJC_ROOT_CLASS = YES_ERROR;
				CLANG_WARN__DUPLICATE_METHOD_MATCH = YES;
				COPY_PHASE_STRIP = YES;
				DEBUG_INFORMATION_FORMAT = "dwarf-with-dsym";
				ENABLE_NS_ASSERTIONS = NO;
				GCC_C_LANGUAGE_STANDARD = gnu99;
				GCC_ENABLE_OBJC_EXCEPTIONS = YES;
				GCC_WARN_64_TO_32_BIT_CONVERSION = YES;
				GCC_WARN_ABOUT_RETURN_TYPE = YES_ERROR;
				GCC_WARN_UNDECLARED_SELECTOR = YES;
				GCC_WARN_UNINITIALIZED_AUTOS = YES_AGGRESSIVE;
				GCC_WARN_UNUSED_FUNCTION = YES;
				GCC_WARN_UNUSED_VARIABLE = YES;
				MACOSX_DEPLOYMENT_TARGET = 10.9;
				SDKROOT = macosx;
			};
			name = Release;
		};
		7D36F97418DE114A00A031B2 /* Debug */ = {
			isa = XCBuildConfiguration;
			buildSettings = {
				ASSETCATALOG_COMPILER_APPICON_NAME = AppIcon;
				COMBINE_HIDPI_IMAGES = YES;
				GCC_PRECOMPILE_PREFIX_HEADER = YES;
				GCC_PREFIX_HEADER = "KEY2MIDI/KEY2MIDI-Prefix.pch";
				INFOPLIST_FILE = "KEY2MIDI/KEY2MIDI-Info.plist";
				PRODUCT_NAME = "$(TARGET_NAME)";
				WRAPPER_EXTENSION = app;
			};
			name = Debug;
		};
		7D36F97518DE114A00A031B2 /* Release */ = {
			isa = XCBuildConfiguration;
			buildSettings = {
				ASSETCATALOG_COMPILER_APPICON_NAME = AppIcon;
				COMBINE_HIDPI_IMAGES = YES;
				GCC_PRECOMPILE_PREFIX_HEADER = YES;
				GCC_PREFIX_HEADER = "KEY2MIDI/KEY2MIDI-Prefix.pch";
				INFOPLIST_FILE = "KEY2MIDI/KEY2MIDI-Info.plist";
				PRODUCT_NAME = "$(TARGET_NAME)";
				WRAPPER_EXTENSION = app;
			};
			name = Release;
		};
		7D36F97718DE114A00A031B2 /* Debug */ = {
			isa = XCBuildConfiguration;
			buildSettings = {
				BUNDLE_LOADER = "$(BUILT_PRODUCTS_DIR)/KEY2MIDI.app/Contents/MacOS/KEY2MIDI";
				COMBINE_HIDPI_IMAGES = YES;
				FRAMEWORK_SEARCH_PATHS = (
					"$(DEVELOPER_FRAMEWORKS_DIR)",
					"$(inherited)",
				);
				GCC_PRECOMPILE_PREFIX_HEADER = YES;
				GCC_PREFIX_HEADER = "KEY2MIDI/KEY2MIDI-Prefix.pch";
				GCC_PREPROCESSOR_DEFINITIONS = (
					"DEBUG=1",
					"$(inherited)",
				);
				INFOPLIST_FILE = "KEY2MIDITests/KEY2MIDITests-Info.plist";
				PRODUCT_NAME = "$(TARGET_NAME)";
				TEST_HOST = "$(BUNDLE_LOADER)";
				WRAPPER_EXTENSION = xctest;
			};
			name = Debug;
		};
		7D36F97818DE114A00A031B2 /* Release */ = {
			isa = XCBuildConfiguration;
			buildSettings = {
				BUNDLE_LOADER = "$(BUILT_PRODUCTS_DIR)/KEY2MIDI.app/Contents/MacOS/KEY2MIDI";
				COMBINE_HIDPI_IMAGES = YES;
				FRAMEWORK_SEARCH_PATHS = (
					"$(DEVELOPER_FRAMEWORKS_DIR)",
					"$(inherited)",
				);
				GCC_PRECOMPILE_PREFIX_HEADER = YES;
				GCC_PREFIX_HEADER = "KEY2MIDI/KEY2MIDI-Prefix.pch";
				INFOPLIST_FILE = "KEY2MIDITests/KEY2MIDITests-Info.plist";
				PRODUCT_NAME = "$(TARGET_NAME)";
				TEST_HOST = "$(BUNDLE_LOADER)";
				WRAPPER_EXTENSION = xctest;
			};
			name = Release;
		};
/* End XCBuildConfiguration section */

/* Begin XCConfigurationList section */
		7D36F93D18DE114A00A031B2 /* Build configuration list for PBXProject "KEY2MIDI" */ = {
			isa = XCConfigurationList;
			buildConfigurations = (
				7D36F97118DE114A00A031B2 /* Debug */,
				7D36F97218DE114A00A031B2 /* Release */,
			);
			defaultConfigurationIsVisible = 0;
			defaultConfigurationName = Release;
		};
		7D36F97318DE114A00A031B2 /* Build configuration list for PBXNativeTarget "KEY2MIDI" */ = {
			isa = XCConfigurationList;
			buildConfigurations = (
				7D36F97418DE114A00A031B2 /* Debug */,
				7D36F97518DE114A00A031B2 /* Release */,
			);
			defaultConfigurationIsVisible = 0;
		};
		7D36F97618DE114A00A031B2 /* Build configuration list for PBXNativeTarget "KEY2MIDITests" */ = {
			isa = XCConfigurationList;
			buildConfigurations = (
				7D36F97718DE114A00A031B2 /* Debug */,
				7D36F97818DE114A00A031B2 /* Release */,
			);
			defaultConfigurationIsVisible = 0;
		};
/* End XCConfigurationList section */
	};
	rootObject = 7D36F93A18DE114A00A031B2 /* Project object */;
}
